
Microsoft Visual Studio Solution File, Format Version 12.00
# Visual Studio Version 17
VisualStudioVersion = 17.6.33829.357
MinimumVisualStudioVersion = 10.0.40219.1
Project("{FAE04EC0-301F-11D3-BF4B-00C04F79EFBC}") = "Magic Eight ball", "Magic Eight ball\Magic Eight ball.csproj", "{BA543AD3-5BD5-4662-A14F-9BE086052A00}"
EndProject
Global
	GlobalSection(SolutionConfigurationPlatforms) = preSolution
		Debug|Any CPU = Debug|Any CPU
		Release|Any CPU = Release|Any CPU
	EndGlobalSection
	GlobalSection(ProjectConfigurationPlatforms) = postSolution
		{BA543AD3-5BD5-4662-A14F-9BE086052A00}.Debug|Any CPU.ActiveCfg = Debug|Any CPU
		{BA543AD3-5BD5-4662-A14F-9BE086052A00}.Debug|Any CPU.Build.0 = Debug|Any CPU
		{BA543AD3-5BD5-4662-A14F-9BE086052A00}.Release|Any CPU.ActiveCfg = Release|Any CPU
		{BA543AD3-5BD5-4662-A14F-9BE086052A00}.Release|Any CPU.Build.0 = Release|Any CPU
	EndGlobalSection
	GlobalSection(SolutionProperties) = preSolution
		HideSolutionNode = FALSE
	EndGlobalSection
	GlobalSection(ExtensibilityGlobals) = postSolution
		SolutionGuid = {4446B166-1199-48D5-AB24-5F908F3EAA6F}
	EndGlobalSection
EndGlobal
